<?xml version="1.0" encoding="utf-8"?>
<Project ToolsVersion="4.0" xmlns="http://schemas.microsoft.com/developer/msbuild/2003">
  <ItemGroup>
    <Filter Include="Source Files">
      <UniqueIdentifier>{4FC737F1-C7A5-4376-A066-2A32D752A2FF}</UniqueIdentifier>
      <Extensions>cpp;c;cc;cxx;c++;cppm;ixx;def;odl;idl;hpj;bat;asm;asmx</Extensions>
    </Filter>
    <Filter Include="Header Files">
      <UniqueIdentifier>{93995380-89BD-4b04-88EB-625FBE52EBFB}</UniqueIdentifier>
      <Extensions>h;hh;hpp;hxx;h++;hm;inl;inc;ipp;xsd</Extensions>
    </Filter>
    <Filter Include="Resource Files">
      <UniqueIdentifier>{67DA6AB6-F800-4c08-8B7A-83BB121AAD01}</UniqueIdentifier>
      <Extensions>rc;ico;cur;bmp;dlg;rc2;rct;bin;rgs;gif;jpg;jpeg;jpe;resx;tiff;tif;png;wav;mfcribbon-ms</Extensions>
    </Filter>
    <Filter Include="Source Files\Utils">
      <UniqueIdentifier>{c05dd475-9316-4b2b-8bca-96d51bdf784d}</UniqueIdentifier>
    </Filter>
    <Filter Include="Source Files\Components">
      <UniqueIdentifier>{8452c298-cbae-4f80-b1f4-5a100523f815}</UniqueIdentifier>
    </Filter>
    <Filter Include="Source Files\Utils\Maths">
      <UniqueIdentifier>{a4208448-65de-4c3c-947c-8c5da7a95289}</UniqueIdentifier>
    </Filter>
    <Filter Include="Source Files\EngineObject">
      <UniqueIdentifier>{35cc6f7e-1ae8-492a-a093-5a7a21aaaddc}</UniqueIdentifier>
    </Filter>
    <Filter Include="Source Files\Assets">
      <UniqueIdentifier>{553b4a25-7455-41e6-a3ad-d8ce04a4f6fa}</UniqueIdentifier>
    </Filter>
    <Filter Include="Source Files\Camera">
      <UniqueIdentifier>{cf2b49f6-e79e-418e-98f7-167c279904de}</UniqueIdentifier>
    </Filter>
    <Filter Include="Source Files\Engine">
      <UniqueIdentifier>{6929c1cd-6081-4fd5-a2f8-441a6ed0e231}</UniqueIdentifier>
    </Filter>
    <Filter Include="Source Files\Utils\Texture">
      <UniqueIdentifier>{a5418d15-4969-4ce2-b488-9ee8766c1396}</UniqueIdentifier>
    </Filter>
    <Filter Include="Source Files\Utils\File">
      <UniqueIdentifier>{f07abdfe-0258-4c64-915f-005a04ec75b3}</UniqueIdentifier>
    </Filter>
    <Filter Include="Source Files\Shaders">
      <UniqueIdentifier>{3ec89303-b06b-4863-8fef-ed70ca260c72}</UniqueIdentifier>
    </Filter>
    <Filter Include="Source Files\Assets\MeshObject">
      <UniqueIdentifier>{7def4973-75fe-499d-a3d4-caea50454f56}</UniqueIdentifier>
    </Filter>
    <Filter Include="Source Files\Assets\ShipController">
      <UniqueIdentifier>{47ea44f3-8058-4d69-bf70-2b74dec9e685}</UniqueIdentifier>
    </Filter>
    <Filter Include="Source Files\Components\CameraComponent">
      <UniqueIdentifier>{745b9a74-2e3e-4a61-8725-0aaf58074b24}</UniqueIdentifier>
    </Filter>
    <Filter Include="Source Files\Components\LightComponent">
      <UniqueIdentifier>{4f596090-e3bf-4457-8f58-5807565991c1}</UniqueIdentifier>
    </Filter>
    <Filter Include="Source Files\Components\Rigidbody">
      <UniqueIdentifier>{4d4b2d84-a55f-4e48-90d2-446b31e10d38}</UniqueIdentifier>
    </Filter>
    <Filter Include="Source Files\Components\MeshComponent">
      <UniqueIdentifier>{a6e97dcc-77a9-4778-9a29-c347043ab543}</UniqueIdentifier>
    </Filter>
    <Filter Include="Source Files\Engine\EngineUtils">
      <UniqueIdentifier>{17f59d57-a187-42bb-b0bf-d0d80d1cd598}</UniqueIdentifier>
    </Filter>
    <Filter Include="Source Files\Engine\Renderer">
      <UniqueIdentifier>{e22ca305-cef2-47f7-9f53-17f5c2fc9a89}</UniqueIdentifier>
    </Filter>
    <Filter Include="Source Files\Engine\ShaderManager">
      <UniqueIdentifier>{f821b1cb-6f38-4cfd-b0cd-528dbb844f2e}</UniqueIdentifier>
    </Filter>
    <Filter Include="Source Files\Engine\EngineManager">
      <UniqueIdentifier>{25b5fce9-4bff-46fc-878c-4e0639872d35}</UniqueIdentifier>
    </Filter>
    <Filter Include="Source Files\Engine\Scene">
      <UniqueIdentifier>{d7050b7e-7300-4646-ba02-1e18d710c10c}</UniqueIdentifier>
    </Filter>
    <Filter Include="Source Files\Components\PrimativeRenderer">
      <UniqueIdentifier>{7868f9b1-5b99-42ea-82f0-3b40c2f8536a}</UniqueIdentifier>
    </Filter>
    <Filter Include="Source Files\Components\CollisionComponent">
      <UniqueIdentifier>{a0ffaa72-f5af-4725-b081-3380ffbc0b2a}</UniqueIdentifier>
    </Filter>
    <Filter Include="Source Files\Components\RenderingComponent">
      <UniqueIdentifier>{090e85b1-3c65-422b-ad39-7105bd770aff}</UniqueIdentifier>
    </Filter>
  </ItemGroup>
  <ItemGroup>
    <ClCompile Include="SunsetEngine.cpp">
      <Filter>Source Files</Filter>
    </ClCompile>
    <ClCompile Include="..\..\include\GL\gl3w.c">
      <Filter>Source Files</Filter>
    </ClCompile>
    <ClCompile Include="EngineObjects\Skybox\Skybox.cpp">
      <Filter>Source Files</Filter>
    </ClCompile>
    <ClCompile Include="Maths\MathHeader.cpp">
      <Filter>Source Files\Utils\Maths</Filter>
    </ClCompile>
    <ClCompile Include="EngineObjects\EngineObject.cpp">
      <Filter>Source Files\EngineObject</Filter>
    </ClCompile>
    <ClCompile Include="Camera\camera.cpp">
      <Filter>Source Files\Camera</Filter>
    </ClCompile>
    <ClCompile Include="Utils\texture.cpp">
      <Filter>Source Files\Utils\Texture</Filter>
    </ClCompile>
    <ClCompile Include="Utils\file.cpp">
      <Filter>Source Files\Utils\File</Filter>
    </ClCompile>
    <ClCompile Include="Assets\MeshObject\MeshObject.cpp">
      <Filter>Source Files\Assets\MeshObject</Filter>
    </ClCompile>
    <ClCompile Include="Assets\Ship\ShipController\ShipController.cpp">
      <Filter>Source Files\Assets\ShipController</Filter>
    </ClCompile>
    <ClCompile Include="Components\CameraComponent\CameraComponent.cpp">
      <Filter>Source Files\Components\CameraComponent</Filter>
    </ClCompile>
    <ClCompile Include="Components\LightComponent\LightComponent.cpp">
      <Filter>Source Files\Components\LightComponent</Filter>
    </ClCompile>
    <ClCompile Include="Components\Rigidbody\Rigidbody.cpp">
      <Filter>Source Files\Components\Rigidbody</Filter>
    </ClCompile>
    <ClCompile Include="Components\MeshComponent\MeshComponent.cpp">
      <Filter>Source Files\Components\MeshComponent</Filter>
    </ClCompile>
    <ClCompile Include="Components\Component.cpp">
      <Filter>Source Files\Components</Filter>
    </ClCompile>
    <ClCompile Include="Engine\EngineUtils.cpp">
      <Filter>Source Files\Engine\EngineUtils</Filter>
    </ClCompile>
    <ClCompile Include="Engine\Renderer\ShaderManager\ShaderManager.cpp">
      <Filter>Source Files\Engine\ShaderManager</Filter>
    </ClCompile>
    <ClCompile Include="Engine\EngineManager.cpp">
      <Filter>Source Files\Engine\EngineManager</Filter>
    </ClCompile>
    <ClCompile Include="Engine\Scene\Scene.cpp">
      <Filter>Source Files\Engine\Scene</Filter>
    </ClCompile>
    <ClCompile Include="Components\PrimativeRenderer\PrimativeRenderer.cpp">
      <Filter>Source Files\Components\PrimativeRenderer</Filter>
    </ClCompile>
    <ClCompile Include="Components\Rigidbody\CollisionComponent\CollisionComponent.cpp">
      <Filter>Source Files\Components\CollisionComponent</Filter>
    </ClCompile>
    <ClCompile Include="Components\RenderingComponent.cpp">
      <Filter>Source Files\Components\RenderingComponent</Filter>
    </ClCompile>
  </ItemGroup>
  <ItemGroup>
    <ClInclude Include="EngineObjects\Skybox\Skybox.h">
      <Filter>Source Files</Filter>
    </ClInclude>
    <ClInclude Include="Utils\noise.h">
      <Filter>Source Files\Utils</Filter>
    </ClInclude>
    <ClInclude Include="Utils\shadow.h">
      <Filter>Source Files\Utils</Filter>
    </ClInclude>
    <ClInclude Include="Utils\shader.h">
      <Filter>Source Files\Utils</Filter>
    </ClInclude>
    <ClInclude Include="Utils\error.h">
      <Filter>Source Files\Utils</Filter>
    </ClInclude>
    <ClInclude Include="Maths\MathHeader.h">
      <Filter>Source Files\Utils\Maths</Filter>
    </ClInclude>
    <ClInclude Include="EngineObjects\EngineObject.h">
      <Filter>Source Files\EngineObject</Filter>
    </ClInclude>
    <ClInclude Include="Utils\obj.h">
      <Filter>Source Files\Utils</Filter>
    </ClInclude>
    <ClInclude Include="Camera\camera.h">
      <Filter>Source Files\Camera</Filter>
    </ClInclude>
    <ClInclude Include="Utils\stb_image.h">
      <Filter>Source Files\Utils\Texture</Filter>
    </ClInclude>
    <ClInclude Include="Utils\bitmap.h">
      <Filter>Source Files\Utils\Texture</Filter>
    </ClInclude>
    <ClInclude Include="Utils\texture.h">
      <Filter>Source Files\Utils\Texture</Filter>
    </ClInclude>
    <ClInclude Include="Utils\file.h">
      <Filter>Source Files\Utils\File</Filter>
    </ClInclude>
    <ClInclude Include="Assets\MeshObject\MeshObject.h">
      <Filter>Source Files\Assets\MeshObject</Filter>
    </ClInclude>
    <ClInclude Include="Assets\Ship\ShipController\ShipController.h">
      <Filter>Source Files\Assets\ShipController</Filter>
    </ClInclude>
    <ClInclude Include="Components\CameraComponent\CameraComponent.h">
      <Filter>Source Files\Components\CameraComponent</Filter>
    </ClInclude>
    <ClInclude Include="Components\LightComponent\LightComponent.h">
      <Filter>Source Files\Components\LightComponent</Filter>
    </ClInclude>
    <ClInclude Include="Components\Rigidbody\Rigidbody.h">
      <Filter>Source Files\Components\Rigidbody</Filter>
    </ClInclude>
    <ClInclude Include="Components\MeshComponent\MeshComponent.h">
      <Filter>Source Files\Components\MeshComponent</Filter>
    </ClInclude>
    <ClInclude Include="Components\Component.h">
      <Filter>Source Files\Components</Filter>
    </ClInclude>
    <ClInclude Include="Engine\EngineUtils.h">
      <Filter>Source Files\Engine\EngineUtils</Filter>
    </ClInclude>
    <ClInclude Include="Engine\Renderer\Renderer.h">
      <Filter>Source Files\Engine\Renderer</Filter>
    </ClInclude>
    <ClInclude Include="Engine\Renderer\ShaderManager\ShaderManager.h">
      <Filter>Source Files\Engine\ShaderManager</Filter>
    </ClInclude>
    <ClInclude Include="Engine\EngineManager.h">
      <Filter>Source Files\Engine\EngineManager</Filter>
    </ClInclude>
    <ClInclude Include="Engine\Scene\Scene.h">
      <Filter>Source Files\Engine\Scene</Filter>
    </ClInclude>
    <ClInclude Include="SunsetCore.h">
      <Filter>Source Files</Filter>
    </ClInclude>
    <ClInclude Include="Components\PrimativeRenderer\PrimativeRenderer.h">
      <Filter>Source Files\Components\PrimativeRenderer</Filter>
    </ClInclude>
    <ClInclude Include="Components\Rigidbody\CollisionComponent\CollisionComponent.h">
      <Filter>Source Files\Components\CollisionComponent</Filter>
    </ClInclude>
    <ClInclude Include="Components\RenderingComponent.h">
      <Filter>Source Files\Components\RenderingComponent</Filter>
    </ClInclude>
  </ItemGroup>
  <ItemGroup>
    <None Include="README.md" />
    <None Include="EngineObjects\EngineObject.inl">
      <Filter>Source Files\EngineObject</Filter>
    </None>
    <None Include="Shaders\Textured\textured.vert">
      <Filter>Source Files\Shaders</Filter>
    </None>
    <None Include="Shaders\Textured\textured.frag">
      <Filter>Source Files\Shaders</Filter>
    </None>
  </ItemGroup>
</Project>